
Microsoft Visual Studio Solution File, Format Version 12.00
# Visual Studio Version 16
VisualStudioVersion = 16.0.31624.102
MinimumVisualStudioVersion = 10.0.40219.1
Project("{8BC9CEB8-8B4A-11D0-8D11-00A0C91BC942}") = "lab5", "lab5\lab5.vcxproj", "{F1EB8F8B-AD58-4DBD-B97E-5163D9BE62B6}"
EndProject
Project("{8BC9CEB8-8B4A-11D0-8D11-00A0C91BC942}") = "UnitTest1", "UnitTest1\UnitTest1.vcxproj", "{A65B5C78-060B-463F-9526-EE0A4A6B5382}"
EndProject
Global
	GlobalSection(SolutionConfigurationPlatforms) = preSolution
		Debug|x64 = Debug|x64
		Debug|x86 = Debug|x86
		Release|x64 = Release|x64
		Release|x86 = Release|x86
	EndGlobalSection
	GlobalSection(ProjectConfigurationPlatforms) = postSolution
		{F1EB8F8B-AD58-4DBD-B97E-5163D9BE62B6}.Debug|x64.ActiveCfg = Debug|x64
		{F1EB8F8B-AD58-4DBD-B97E-5163D9BE62B6}.Debug|x64.Build.0 = Debug|x64
		{F1EB8F8B-AD58-4DBD-B97E-5163D9BE62B6}.Debug|x86.ActiveCfg = Debug|Win32
		{F1EB8F8B-AD58-4DBD-B97E-5163D9BE62B6}.Debug|x86.Build.0 = Debug|Win32
		{F1EB8F8B-AD58-4DBD-B97E-5163D9BE62B6}.Release|x64.ActiveCfg = Release|x64
		{F1EB8F8B-AD58-4DBD-B97E-5163D9BE62B6}.Release|x64.Build.0 = Release|x64
		{F1EB8F8B-AD58-4DBD-B97E-5163D9BE62B6}.Release|x86.ActiveCfg = Release|Win32
		{F1EB8F8B-AD58-4DBD-B97E-5163D9BE62B6}.Release|x86.Build.0 = Release|Win32
		{A65B5C78-060B-463F-9526-EE0A4A6B5382}.Debug|x64.ActiveCfg = Debug|x64
		{A65B5C78-060B-463F-9526-EE0A4A6B5382}.Debug|x64.Build.0 = Debug|x64
		{A65B5C78-060B-463F-9526-EE0A4A6B5382}.Debug|x86.ActiveCfg = Debug|Win32
		{A65B5C78-060B-463F-9526-EE0A4A6B5382}.Debug|x86.Build.0 = Debug|Win32
		{A65B5C78-060B-463F-9526-EE0A4A6B5382}.Release|x64.ActiveCfg = Release|x64
		{A65B5C78-060B-463F-9526-EE0A4A6B5382}.Release|x64.Build.0 = Release|x64
		{A65B5C78-060B-463F-9526-EE0A4A6B5382}.Release|x86.ActiveCfg = Release|Win32
		{A65B5C78-060B-463F-9526-EE0A4A6B5382}.Release|x86.Build.0 = Release|Win32
	EndGlobalSection
	GlobalSection(SolutionProperties) = preSolution
		HideSolutionNode = FALSE
	EndGlobalSection
	GlobalSection(ExtensibilityGlobals) = postSolution
		SolutionGuid = {1A23721B-DE2B-4F4C-A29E-D9D6EA5EEADD}
	EndGlobalSection
EndGlobal
